
Microsoft Visual Studio Solution File, Format Version 12.00
# Visual Studio Version 17
VisualStudioVersion = 17.0.32014.148
MinimumVisualStudioVersion = 10.0.40219.1
Project("{FAE04EC0-301F-11D3-BF4B-00C04F79EFBC}") = "BikeShop", "BikeShop\BikeShop.csproj", "{1CEF65AC-805B-4F29-BE1F-F818359DADEA}"
EndProject
Global
	GlobalSection(SolutionConfigurationPlatforms) = preSolution
		Debug|Any CPU = Debug|Any CPU
		Release|Any CPU = Release|Any CPU
	EndGlobalSection
	GlobalSection(ProjectConfigurationPlatforms) = postSolution
		{1CEF65AC-805B-4F29-BE1F-F818359DADEA}.Debug|Any CPU.ActiveCfg = Debug|Any CPU
		{1CEF65AC-805B-4F29-BE1F-F818359DADEA}.Debug|Any CPU.Build.0 = Debug|Any CPU
		{1CEF65AC-805B-4F29-BE1F-F818359DADEA}.Release|Any CPU.ActiveCfg = Release|Any CPU
		{1CEF65AC-805B-4F29-BE1F-F818359DADEA}.Release|Any CPU.Build.0 = Release|Any CPU
	EndGlobalSection
	GlobalSection(SolutionProperties) = preSolution
		HideSolutionNode = FALSE
	EndGlobalSection
	GlobalSection(ExtensibilityGlobals) = postSolution
		SolutionGuid = {520C54DB-54A5-458C-B6A7-23084129378A}
	EndGlobalSection
EndGlobal
